
Microsoft Visual Studio Solution File, Format Version 12.00
# Visual Studio Version 17
VisualStudioVersion = 17.3.32901.215
MinimumVisualStudioVersion = 10.0.40219.1
Project("{FAE04EC0-301F-11D3-BF4B-00C04F79EFBC}") = "Qlegis", "Qlegis\Qlegis.csproj", "{0039F668-6FD0-495F-A5B9-918CE4060941}"
EndProject
Global
	GlobalSection(SolutionConfigurationPlatforms) = preSolution
		Debug|Any CPU = Debug|Any CPU
		Release|Any CPU = Release|Any CPU
	EndGlobalSection
	GlobalSection(ProjectConfigurationPlatforms) = postSolution
		{0039F668-6FD0-495F-A5B9-918CE4060941}.Debug|Any CPU.ActiveCfg = Debug|Any CPU
		{0039F668-6FD0-495F-A5B9-918CE4060941}.Debug|Any CPU.Build.0 = Debug|Any CPU
		{0039F668-6FD0-495F-A5B9-918CE4060941}.Release|Any CPU.ActiveCfg = Release|Any CPU
		{0039F668-6FD0-495F-A5B9-918CE4060941}.Release|Any CPU.Build.0 = Release|Any CPU
	EndGlobalSection
	GlobalSection(SolutionProperties) = preSolution
		HideSolutionNode = FALSE
	EndGlobalSection
	GlobalSection(ExtensibilityGlobals) = postSolution
		SolutionGuid = {E534530F-2D9D-4ADF-9D2B-41E12903E21A}
	EndGlobalSection
EndGlobal
